
Microsoft Visual Studio Solution File, Format Version 12.00
# Visual Studio Version 17
VisualStudioVersion = 17.7.34024.191
MinimumVisualStudioVersion = 10.0.40219.1
Project("{FAE04EC0-301F-11D3-BF4B-00C04F79EFBC}") = "Listing Odd", "Listing Odd\Listing Odd.csproj", "{3FAB7CBE-8882-4955-B827-E514D0F76138}"
EndProject
Global
	GlobalSection(SolutionConfigurationPlatforms) = preSolution
		Debug|Any CPU = Debug|Any CPU
		Release|Any CPU = Release|Any CPU
	EndGlobalSection
	GlobalSection(ProjectConfigurationPlatforms) = postSolution
		{3FAB7CBE-8882-4955-B827-E514D0F76138}.Debug|Any CPU.ActiveCfg = Debug|Any CPU
		{3FAB7CBE-8882-4955-B827-E514D0F76138}.Debug|Any CPU.Build.0 = Debug|Any CPU
		{3FAB7CBE-8882-4955-B827-E514D0F76138}.Release|Any CPU.ActiveCfg = Release|Any CPU
		{3FAB7CBE-8882-4955-B827-E514D0F76138}.Release|Any CPU.Build.0 = Release|Any CPU
	EndGlobalSection
	GlobalSection(SolutionProperties) = preSolution
		HideSolutionNode = FALSE
	EndGlobalSection
	GlobalSection(ExtensibilityGlobals) = postSolution
		SolutionGuid = {1610DF96-7D59-4A53-9674-3990D185F8BC}
	EndGlobalSection
EndGlobal
